
Microsoft Visual Studio Solution File, Format Version 12.00
# Visual Studio Version 17
VisualStudioVersion = 17.5.002.0
MinimumVisualStudioVersion = 10.0.40219.1
Project("{9A19103F-16F7-4668-BE54-9A1E7A4F7556}") = "webApi", "webApi.csproj", "{308F16D1-211B-4135-82DF-2F21744486A9}"
EndProject
Global
	GlobalSection(SolutionConfigurationPlatforms) = preSolution
		Debug|Any CPU = Debug|Any CPU
		Release|Any CPU = Release|Any CPU
	EndGlobalSection
	GlobalSection(ProjectConfigurationPlatforms) = postSolution
		{308F16D1-211B-4135-82DF-2F21744486A9}.Debug|Any CPU.ActiveCfg = Debug|Any CPU
		{308F16D1-211B-4135-82DF-2F21744486A9}.Debug|Any CPU.Build.0 = Debug|Any CPU
		{308F16D1-211B-4135-82DF-2F21744486A9}.Release|Any CPU.ActiveCfg = Release|Any CPU
		{308F16D1-211B-4135-82DF-2F21744486A9}.Release|Any CPU.Build.0 = Release|Any CPU
	EndGlobalSection
	GlobalSection(SolutionProperties) = preSolution
		HideSolutionNode = FALSE
	EndGlobalSection
	GlobalSection(ExtensibilityGlobals) = postSolution
		SolutionGuid = {B3066D51-6635-466A-91FF-F1031499C695}
	EndGlobalSection
EndGlobal
